
Microsoft Visual Studio Solution File, Format Version 12.00
# Visual Studio Version 17
VisualStudioVersion = 17.0.31903.59
MinimumVisualStudioVersion = 10.0.40219.1
Project("{FAE04EC0-301F-11D3-BF4B-00C04F79EFBC}") = "Tack8.2", "Tack8.2\Tack8.2.csproj", "{10AF0DDE-4812-4AEE-AFBF-DA64A8C56617}"
EndProject
Global
	GlobalSection(SolutionConfigurationPlatforms) = preSolution
		Debug|Any CPU = Debug|Any CPU
		Release|Any CPU = Release|Any CPU
	EndGlobalSection
	GlobalSection(ProjectConfigurationPlatforms) = postSolution
		{10AF0DDE-4812-4AEE-AFBF-DA64A8C56617}.Debug|Any CPU.ActiveCfg = Debug|Any CPU
		{10AF0DDE-4812-4AEE-AFBF-DA64A8C56617}.Debug|Any CPU.Build.0 = Debug|Any CPU
		{10AF0DDE-4812-4AEE-AFBF-DA64A8C56617}.Release|Any CPU.ActiveCfg = Release|Any CPU
		{10AF0DDE-4812-4AEE-AFBF-DA64A8C56617}.Release|Any CPU.Build.0 = Release|Any CPU
	EndGlobalSection
	GlobalSection(SolutionProperties) = preSolution
		HideSolutionNode = FALSE
	EndGlobalSection
	GlobalSection(ExtensibilityGlobals) = postSolution
		SolutionGuid = {C6A63F4D-3DA4-4938-8E5C-94A852361F83}
	EndGlobalSection
EndGlobal
